
Microsoft Visual Studio Solution File, Format Version 12.00
# Visual Studio Version 17
VisualStudioVersion = 17.13.35825.156 d17.13
MinimumVisualStudioVersion = 10.0.40219.1
Project("{FAE04EC0-301F-11D3-BF4B-00C04F79EFBC}") = "ProductionCRUD", "ProductionCRUD\ProductionCRUD.csproj", "{97980E5D-6CEE-4590-BA5B-8DF1C6E56EBE}"
EndProject
Global
	GlobalSection(SolutionConfigurationPlatforms) = preSolution
		Debug|Any CPU = Debug|Any CPU
		Release|Any CPU = Release|Any CPU
	EndGlobalSection
	GlobalSection(ProjectConfigurationPlatforms) = postSolution
		{97980E5D-6CEE-4590-BA5B-8DF1C6E56EBE}.Debug|Any CPU.ActiveCfg = Debug|Any CPU
		{97980E5D-6CEE-4590-BA5B-8DF1C6E56EBE}.Debug|Any CPU.Build.0 = Debug|Any CPU
		{97980E5D-6CEE-4590-BA5B-8DF1C6E56EBE}.Release|Any CPU.ActiveCfg = Release|Any CPU
		{97980E5D-6CEE-4590-BA5B-8DF1C6E56EBE}.Release|Any CPU.Build.0 = Release|Any CPU
	EndGlobalSection
	GlobalSection(SolutionProperties) = preSolution
		HideSolutionNode = FALSE
	EndGlobalSection
	GlobalSection(ExtensibilityGlobals) = postSolution
		SolutionGuid = {0483B308-211A-462F-9F15-94920A27E5FE}
	EndGlobalSection
EndGlobal
